
Microsoft Visual Studio Solution File, Format Version 12.00
# Visual Studio Version 17
VisualStudioVersion = 17.11.35312.102
MinimumVisualStudioVersion = 10.0.40219.1
Project("{FAE04EC0-301F-11D3-BF4B-00C04F79EFBC}") = "Hafta_4Odev2", "Hafta_4Odev2\Hafta_4Odev2.csproj", "{B7C529D9-BB6F-420A-B45F-4E23E9573F29}"
EndProject
Global
	GlobalSection(SolutionConfigurationPlatforms) = preSolution
		Debug|Any CPU = Debug|Any CPU
		Release|Any CPU = Release|Any CPU
	EndGlobalSection
	GlobalSection(ProjectConfigurationPlatforms) = postSolution
		{B7C529D9-BB6F-420A-B45F-4E23E9573F29}.Debug|Any CPU.ActiveCfg = Debug|Any CPU
		{B7C529D9-BB6F-420A-B45F-4E23E9573F29}.Debug|Any CPU.Build.0 = Debug|Any CPU
		{B7C529D9-BB6F-420A-B45F-4E23E9573F29}.Release|Any CPU.ActiveCfg = Release|Any CPU
		{B7C529D9-BB6F-420A-B45F-4E23E9573F29}.Release|Any CPU.Build.0 = Release|Any CPU
	EndGlobalSection
	GlobalSection(SolutionProperties) = preSolution
		HideSolutionNode = FALSE
	EndGlobalSection
	GlobalSection(ExtensibilityGlobals) = postSolution
		SolutionGuid = {2174CDF7-1A5D-47E9-B802-6C3F95BAE595}
	EndGlobalSection
EndGlobal
